// !$*UTF8*$!
{
	archiveVersion = 1;
	classes = {
	};
	objectVersion = 54;
	objects = {

/* Begin PBXBuildFile section */
		31E3FE9E26C4EBA9008DAD43 /* BaseService.swift in Sources */ = {isa = PBXBuildFile; fileRef = 31E3FE9D26C4EBA9008DAD43 /* BaseService.swift */; };
		31E3FEE426C4F0E5008DAD43 /* AppCoordinator.swift in Sources */ = {isa = PBXBuildFile; fileRef = 31E3FEE326C4F0E5008DAD43 /* AppCoordinator.swift */; };
		31E3FEEE26C4F302008DAD43 /* MainControllerCoordinator.swift in Sources */ = {isa = PBXBuildFile; fileRef = 31E3FEED26C4F302008DAD43 /* MainControllerCoordinator.swift */; };
		31E3FEF826C4F5C2008DAD43 /* Alias.swift in Sources */ = {isa = PBXBuildFile; fileRef = 31E3FEF726C4F5C2008DAD43 /* Alias.swift */; };
		31E3FEFD26C4F678008DAD43 /* Enums.swift in Sources */ = {isa = PBXBuildFile; fileRef = 31E3FEFC26C4F678008DAD43 /* Enums.swift */; };
		31E3FF0226C4F844008DAD43 /* SwiftyUserDefaults+Extension.swift in Sources */ = {isa = PBXBuildFile; fileRef = 31E3FF0126C4F844008DAD43 /* SwiftyUserDefaults+Extension.swift */; };
		31E3FF0926C4FA4A008DAD43 /* ISO8601+DateFormatter.swift in Sources */ = {isa = PBXBuildFile; fileRef = 31E3FF0826C4FA4A008DAD43 /* ISO8601+DateFormatter.swift */; };
		31E3FF1426C4FB66008DAD43 /* JSONDecoder+Extension.swift in Sources */ = {isa = PBXBuildFile; fileRef = 31E3FF1326C4FB66008DAD43 /* JSONDecoder+Extension.swift */; };
		31E3FF1926C4FE2D008DAD43 /* NSError+Extension.swift in Sources */ = {isa = PBXBuildFile; fileRef = 31E3FF1826C4FE2D008DAD43 /* NSError+Extension.swift */; };
		31E3FF2A26C4FF7D008DAD43 /* ProgesssHud.swift in Sources */ = {isa = PBXBuildFile; fileRef = 31E3FF2926C4FF7D008DAD43 /* ProgesssHud.swift */; };
		31E3FF3F26C50018008DAD43 /* FloatClean+Extension.swift in Sources */ = {isa = PBXBuildFile; fileRef = 31E3FF3E26C50018008DAD43 /* FloatClean+Extension.swift */; };
		48E29837247A37FC00B6A520 /* QuizMeUpTests.swift in Sources */ = {isa = PBXBuildFile; fileRef = 48E29836247A37FC00B6A520 /* QuizMeUpTests.swift */; };
		48E29842247A37FC00B6A520 /* QuizMeUpUITests.swift in Sources */ = {isa = PBXBuildFile; fileRef = 48E29841247A37FC00B6A520 /* QuizMeUpUITests.swift */; };
		48FD44C624839C0E004975D4 /* ViewController.swift in Sources */ = {isa = PBXBuildFile; fileRef = 48FD44C024839C0E004975D4 /* ViewController.swift */; };
		48FD44C724839C0E004975D4 /* AppDelegate.swift in Sources */ = {isa = PBXBuildFile; fileRef = 48FD44C124839C0E004975D4 /* AppDelegate.swift */; };
		48FD44C824839C0E004975D4 /* SceneDelegate.swift in Sources */ = {isa = PBXBuildFile; fileRef = 48FD44C224839C0E004975D4 /* SceneDelegate.swift */; };
		48FD44CF24839C7A004975D4 /* Assets.xcassets in Resources */ = {isa = PBXBuildFile; fileRef = 48FD44CA24839C7A004975D4 /* Assets.xcassets */; };
		48FD44D024839C7A004975D4 /* LaunchScreen.storyboard in Resources */ = {isa = PBXBuildFile; fileRef = 48FD44CB24839C7A004975D4 /* LaunchScreen.storyboard */; };
		48FD44D524839CFA004975D4 /* Color.xcassets in Resources */ = {isa = PBXBuildFile; fileRef = 48FD44D424839CFA004975D4 /* Color.xcassets */; };
		B7483A6F2CB3F68C001228CB /* RecapViewModelProtocol.swift in Sources */ = {isa = PBXBuildFile; fileRef = B7483A6C2CB3F68C001228CB /* RecapViewModelProtocol.swift */; };
		B7483A702CB3F68C001228CB /* RecapController.swift in Sources */ = {isa = PBXBuildFile; fileRef = B7483A6D2CB3F68C001228CB /* RecapController.swift */; };
		B7483A712CB3F68C001228CB /* RecapViewModel.swift in Sources */ = {isa = PBXBuildFile; fileRef = B7483A6E2CB3F68C001228CB /* RecapViewModel.swift */; };
		B7483A722CB3F68C001228CB /* Recap.storyboard in Resources */ = {isa = PBXBuildFile; fileRef = B7483A6B2CB3F68C001228CB /* Recap.storyboard */; };
		B7483A7A2CB3FC5A001228CB /* MainController.swift in Sources */ = {isa = PBXBuildFile; fileRef = B7483A772CB3FC5A001228CB /* MainController.swift */; };
		B7483A7C2CB3FC5A001228CB /* Main.storyboard in Resources */ = {isa = PBXBuildFile; fileRef = B7483A752CB3FC5A001228CB /* Main.storyboard */; };
		B7483A802CB3FED8001228CB /* MainViewModelProtocol.swift in Sources */ = {isa = PBXBuildFile; fileRef = B7483A7D2CB3FED8001228CB /* MainViewModelProtocol.swift */; };
		B7483A822CB3FED8001228CB /* MainViewModel.swift in Sources */ = {isa = PBXBuildFile; fileRef = B7483A7F2CB3FED8001228CB /* MainViewModel.swift */; };
		B7483A862CB3FFE7001228CB /* Welcome.swift in Sources */ = {isa = PBXBuildFile; fileRef = B7483A852CB3FFE7001228CB /* Welcome.swift */; };
		B7483A892CB40029001228CB /* Activity.swift in Sources */ = {isa = PBXBuildFile; fileRef = B7483A882CB40028001228CB /* Activity.swift */; };
		B7483A8B2CB4005B001228CB /* Screen.swift in Sources */ = {isa = PBXBuildFile; fileRef = B7483A8A2CB4005B001228CB /* Screen.swift */; };
		B7483A8D2CB40090001228CB /* Choice.swift in Sources */ = {isa = PBXBuildFile; fileRef = B7483A8C2CB40090001228CB /* Choice.swift */; };
		B7483A8F2CB400C2001228CB /* Answer.swift in Sources */ = {isa = PBXBuildFile; fileRef = B7483A8E2CB400C2001228CB /* Answer.swift */; };
		B7483A992CB4253B001228CB /* Quiz.json in Resources */ = {isa = PBXBuildFile; fileRef = B7483A982CB4253B001228CB /* Quiz.json */; };
		B7483AA42CB4DC58001228CB /* MultipleChoiceViewModelProtocol.swift in Sources */ = {isa = PBXBuildFile; fileRef = B7483AA12CB4DC58001228CB /* MultipleChoiceViewModelProtocol.swift */; };
		B7483AA52CB4DC58001228CB /* MultipleChoiceController.swift in Sources */ = {isa = PBXBuildFile; fileRef = B7483AA22CB4DC58001228CB /* MultipleChoiceController.swift */; };
		B7483AA62CB4DC58001228CB /* MultipleChoiceViewModel.swift in Sources */ = {isa = PBXBuildFile; fileRef = B7483AA32CB4DC58001228CB /* MultipleChoiceViewModel.swift */; };
		B7483AA72CB4DC58001228CB /* MultipleChoice.storyboard in Resources */ = {isa = PBXBuildFile; fileRef = B7483AA02CB4DC58001228CB /* MultipleChoice.storyboard */; };
		B7483AA92CB4E24F001228CB /* RecapNavCoordinator.swift in Sources */ = {isa = PBXBuildFile; fileRef = B7483AA82CB4E24F001228CB /* RecapNavCoordinator.swift */; };
		B7483AAB2CB4E261001228CB /* MultipleChoiceNavCoordinator.swift in Sources */ = {isa = PBXBuildFile; fileRef = B7483AAA2CB4E261001228CB /* MultipleChoiceNavCoordinator.swift */; };
		B7483AB52CB4F9FE001228CB /* StepProgressView.swift in Sources */ = {isa = PBXBuildFile; fileRef = B7483AB42CB4F9FE001228CB /* StepProgressView.swift */; };
		B7483AB72CB50327001228CB /* R.generated.swift in Sources */ = {isa = PBXBuildFile; fileRef = B7483AB62CB50327001228CB /* R.generated.swift */; };
		B7483AB92CB51B97001228CB /* TriggerableProtocol.swift in Sources */ = {isa = PBXBuildFile; fileRef = B7483AB82CB51B97001228CB /* TriggerableProtocol.swift */; };
		B779C7F2271FE6F800AFFE10 /* View+Design.swift in Sources */ = {isa = PBXBuildFile; fileRef = B779C7F1271FE6F800AFFE10 /* View+Design.swift */; };
		B7F7BDF8F0CE18354CCBF687 /* Pods_QuizMeUp.framework in Frameworks */ = {isa = PBXBuildFile; fileRef = 9785DED81433C75186560A01 /* Pods_QuizMeUp.framework */; };
/* End PBXBuildFile section */

/* Begin PBXContainerItemProxy section */
		48E29833247A37FC00B6A520 /* PBXContainerItemProxy */ = {
			isa = PBXContainerItemProxy;
			containerPortal = 48E29814247A37F900B6A520 /* Project object */;
			proxyType = 1;
			remoteGlobalIDString = 48E2981B247A37F900B6A520;
			remoteInfo = QuizMeUp;
		};
		48E2983E247A37FC00B6A520 /* PBXContainerItemProxy */ = {
			isa = PBXContainerItemProxy;
			containerPortal = 48E29814247A37F900B6A520 /* Project object */;
			proxyType = 1;
			remoteGlobalIDString = 48E2981B247A37F900B6A520;
			remoteInfo = QuizMeUp;
		};
/* End PBXContainerItemProxy section */

/* Begin PBXFileReference section */
		14BF60F8CC1561DD64184B19 /* Pods-QuizMeUp.debug.xcconfig */ = {isa = PBXFileReference; includeInIndex = 1; lastKnownFileType = text.xcconfig; name = "Pods-QuizMeUp.debug.xcconfig"; path = "Target Support Files/Pods-QuizMeUp/Pods-QuizMeUp.debug.xcconfig"; sourceTree = "<group>"; };
		31E3FE9D26C4EBA9008DAD43 /* BaseService.swift */ = {isa = PBXFileReference; lastKnownFileType = sourcecode.swift; path = BaseService.swift; sourceTree = "<group>"; };
		31E3FEE326C4F0E5008DAD43 /* AppCoordinator.swift */ = {isa = PBXFileReference; lastKnownFileType = sourcecode.swift; path = AppCoordinator.swift; sourceTree = "<group>"; };
		31E3FEED26C4F302008DAD43 /* MainControllerCoordinator.swift */ = {isa = PBXFileReference; lastKnownFileType = sourcecode.swift; path = MainControllerCoordinator.swift; sourceTree = "<group>"; };
		31E3FEF726C4F5C2008DAD43 /* Alias.swift */ = {isa = PBXFileReference; lastKnownFileType = sourcecode.swift; path = Alias.swift; sourceTree = "<group>"; };
		31E3FEFC26C4F678008DAD43 /* Enums.swift */ = {isa = PBXFileReference; lastKnownFileType = sourcecode.swift; path = Enums.swift; sourceTree = "<group>"; };
		31E3FF0126C4F844008DAD43 /* SwiftyUserDefaults+Extension.swift */ = {isa = PBXFileReference; lastKnownFileType = sourcecode.swift; path = "SwiftyUserDefaults+Extension.swift"; sourceTree = "<group>"; };
		31E3FF0826C4FA4A008DAD43 /* ISO8601+DateFormatter.swift */ = {isa = PBXFileReference; lastKnownFileType = sourcecode.swift; path = "ISO8601+DateFormatter.swift"; sourceTree = "<group>"; };
		31E3FF1326C4FB66008DAD43 /* JSONDecoder+Extension.swift */ = {isa = PBXFileReference; lastKnownFileType = sourcecode.swift; path = "JSONDecoder+Extension.swift"; sourceTree = "<group>"; };
		31E3FF1826C4FE2D008DAD43 /* NSError+Extension.swift */ = {isa = PBXFileReference; lastKnownFileType = sourcecode.swift; path = "NSError+Extension.swift"; sourceTree = "<group>"; };
		31E3FF2926C4FF7D008DAD43 /* ProgesssHud.swift */ = {isa = PBXFileReference; lastKnownFileType = sourcecode.swift; path = ProgesssHud.swift; sourceTree = "<group>"; };
		31E3FF3E26C50018008DAD43 /* FloatClean+Extension.swift */ = {isa = PBXFileReference; lastKnownFileType = sourcecode.swift; path = "FloatClean+Extension.swift"; sourceTree = "<group>"; };
		48E2981C247A37F900B6A520 /* QuizMeUp.app */ = {isa = PBXFileReference; explicitFileType = wrapper.application; includeInIndex = 0; path = QuizMeUp.app; sourceTree = BUILT_PRODUCTS_DIR; };
		48E2982D247A37FC00B6A520 /* Info.plist */ = {isa = PBXFileReference; lastKnownFileType = text.plist.xml; path = Info.plist; sourceTree = "<group>"; };
		48E29832247A37FC00B6A520 /* QuizMeUpTests.xctest */ = {isa = PBXFileReference; explicitFileType = wrapper.cfbundle; includeInIndex = 0; path = QuizMeUpTests.xctest; sourceTree = BUILT_PRODUCTS_DIR; };
		48E29836247A37FC00B6A520 /* QuizMeUpTests.swift */ = {isa = PBXFileReference; lastKnownFileType = sourcecode.swift; path = QuizMeUpTests.swift; sourceTree = "<group>"; };
		48E29838247A37FC00B6A520 /* Info.plist */ = {isa = PBXFileReference; lastKnownFileType = text.plist.xml; path = Info.plist; sourceTree = "<group>"; };
		48E2983D247A37FC00B6A520 /* QuizMeUpUITests.xctest */ = {isa = PBXFileReference; explicitFileType = wrapper.cfbundle; includeInIndex = 0; path = QuizMeUpUITests.xctest; sourceTree = BUILT_PRODUCTS_DIR; };
		48E29841247A37FC00B6A520 /* QuizMeUpUITests.swift */ = {isa = PBXFileReference; lastKnownFileType = sourcecode.swift; path = QuizMeUpUITests.swift; sourceTree = "<group>"; };
		48E29843247A37FC00B6A520 /* Info.plist */ = {isa = PBXFileReference; lastKnownFileType = text.plist.xml; path = Info.plist; sourceTree = "<group>"; };
		48FD44C024839C0E004975D4 /* ViewController.swift */ = {isa = PBXFileReference; fileEncoding = 4; lastKnownFileType = sourcecode.swift; path = ViewController.swift; sourceTree = "<group>"; };
		48FD44C124839C0E004975D4 /* AppDelegate.swift */ = {isa = PBXFileReference; fileEncoding = 4; lastKnownFileType = sourcecode.swift; path = AppDelegate.swift; sourceTree = "<group>"; };
		48FD44C224839C0E004975D4 /* SceneDelegate.swift */ = {isa = PBXFileReference; fileEncoding = 4; lastKnownFileType = sourcecode.swift; path = SceneDelegate.swift; sourceTree = "<group>"; };
		48FD44CA24839C7A004975D4 /* Assets.xcassets */ = {isa = PBXFileReference; lastKnownFileType = folder.assetcatalog; path = Assets.xcassets; sourceTree = "<group>"; };
		48FD44CC24839C7A004975D4 /* Base */ = {isa = PBXFileReference; lastKnownFileType = file.storyboard; name = Base; path = Base.lproj/LaunchScreen.storyboard; sourceTree = "<group>"; };
		48FD44D424839CFA004975D4 /* Color.xcassets */ = {isa = PBXFileReference; lastKnownFileType = folder.assetcatalog; path = Color.xcassets; sourceTree = "<group>"; };
		4AA1EF9E020742109F698F88 /* Pods-QuizMeUp.release.xcconfig */ = {isa = PBXFileReference; includeInIndex = 1; lastKnownFileType = text.xcconfig; name = "Pods-QuizMeUp.release.xcconfig"; path = "Target Support Files/Pods-QuizMeUp/Pods-QuizMeUp.release.xcconfig"; sourceTree = "<group>"; };
		9785DED81433C75186560A01 /* Pods_QuizMeUp.framework */ = {isa = PBXFileReference; explicitFileType = wrapper.framework; includeInIndex = 0; path = Pods_QuizMeUp.framework; sourceTree = BUILT_PRODUCTS_DIR; };
		B7483A6B2CB3F68C001228CB /* Recap.storyboard */ = {isa = PBXFileReference; lastKnownFileType = file.storyboard; name = Recap.storyboard; path = QuizMeUp/Module/Recap.storyboard; sourceTree = SOURCE_ROOT; };
		B7483A6C2CB3F68C001228CB /* RecapViewModelProtocol.swift */ = {isa = PBXFileReference; lastKnownFileType = sourcecode.swift; name = RecapViewModelProtocol.swift; path = QuizMeUp/Module/RecapViewModelProtocol.swift; sourceTree = SOURCE_ROOT; };
		B7483A6D2CB3F68C001228CB /* RecapController.swift */ = {isa = PBXFileReference; lastKnownFileType = sourcecode.swift; name = RecapController.swift; path = QuizMeUp/Module/RecapController.swift; sourceTree = SOURCE_ROOT; };
		B7483A6E2CB3F68C001228CB /* RecapViewModel.swift */ = {isa = PBXFileReference; lastKnownFileType = sourcecode.swift; name = RecapViewModel.swift; path = QuizMeUp/Module/RecapViewModel.swift; sourceTree = SOURCE_ROOT; };
		B7483A752CB3FC5A001228CB /* Main.storyboard */ = {isa = PBXFileReference; lastKnownFileType = file.storyboard; path = Main.storyboard; sourceTree = "<group>"; };
		B7483A772CB3FC5A001228CB /* MainController.swift */ = {isa = PBXFileReference; lastKnownFileType = sourcecode.swift; path = MainController.swift; sourceTree = "<group>"; };
		B7483A7D2CB3FED8001228CB /* MainViewModelProtocol.swift */ = {isa = PBXFileReference; lastKnownFileType = sourcecode.swift; path = MainViewModelProtocol.swift; sourceTree = "<group>"; };
		B7483A7F2CB3FED8001228CB /* MainViewModel.swift */ = {isa = PBXFileReference; lastKnownFileType = sourcecode.swift; path = MainViewModel.swift; sourceTree = "<group>"; };
		B7483A852CB3FFE7001228CB /* Welcome.swift */ = {isa = PBXFileReference; fileEncoding = 4; lastKnownFileType = sourcecode.swift; path = Welcome.swift; sourceTree = "<group>"; };
		B7483A882CB40028001228CB /* Activity.swift */ = {isa = PBXFileReference; lastKnownFileType = sourcecode.swift; path = Activity.swift; sourceTree = "<group>"; };
		B7483A8A2CB4005B001228CB /* Screen.swift */ = {isa = PBXFileReference; lastKnownFileType = sourcecode.swift; path = Screen.swift; sourceTree = "<group>"; };
		B7483A8C2CB40090001228CB /* Choice.swift */ = {isa = PBXFileReference; lastKnownFileType = sourcecode.swift; path = Choice.swift; sourceTree = "<group>"; };
		B7483A8E2CB400C2001228CB /* Answer.swift */ = {isa = PBXFileReference; lastKnownFileType = sourcecode.swift; path = Answer.swift; sourceTree = "<group>"; };
		B7483A982CB4253B001228CB /* Quiz.json */ = {isa = PBXFileReference; fileEncoding = 4; lastKnownFileType = text.json; path = Quiz.json; sourceTree = "<group>"; };
		B7483AA02CB4DC58001228CB /* MultipleChoice.storyboard */ = {isa = PBXFileReference; lastKnownFileType = file.storyboard; path = MultipleChoice.storyboard; sourceTree = "<group>"; };
		B7483AA12CB4DC58001228CB /* MultipleChoiceViewModelProtocol.swift */ = {isa = PBXFileReference; lastKnownFileType = sourcecode.swift; path = MultipleChoiceViewModelProtocol.swift; sourceTree = "<group>"; };
		B7483AA22CB4DC58001228CB /* MultipleChoiceController.swift */ = {isa = PBXFileReference; lastKnownFileType = sourcecode.swift; path = MultipleChoiceController.swift; sourceTree = "<group>"; };
		B7483AA32CB4DC58001228CB /* MultipleChoiceViewModel.swift */ = {isa = PBXFileReference; lastKnownFileType = sourcecode.swift; path = MultipleChoiceViewModel.swift; sourceTree = "<group>"; };
		B7483AA82CB4E24F001228CB /* RecapNavCoordinator.swift */ = {isa = PBXFileReference; lastKnownFileType = sourcecode.swift; path = RecapNavCoordinator.swift; sourceTree = "<group>"; };
		B7483AAA2CB4E261001228CB /* MultipleChoiceNavCoordinator.swift */ = {isa = PBXFileReference; lastKnownFileType = sourcecode.swift; path = MultipleChoiceNavCoordinator.swift; sourceTree = "<group>"; };
		B7483AB42CB4F9FE001228CB /* StepProgressView.swift */ = {isa = PBXFileReference; lastKnownFileType = sourcecode.swift; path = StepProgressView.swift; sourceTree = "<group>"; };
		B7483AB62CB50327001228CB /* R.generated.swift */ = {isa = PBXFileReference; fileEncoding = 4; lastKnownFileType = sourcecode.swift; path = R.generated.swift; sourceTree = "<group>"; };
		B7483AB82CB51B97001228CB /* TriggerableProtocol.swift */ = {isa = PBXFileReference; lastKnownFileType = sourcecode.swift; path = TriggerableProtocol.swift; sourceTree = "<group>"; };
		B779C7F1271FE6F800AFFE10 /* View+Design.swift */ = {isa = PBXFileReference; lastKnownFileType = sourcecode.swift; path = "View+Design.swift"; sourceTree = "<group>"; };
/* End PBXFileReference section */

/* Begin PBXFrameworksBuildPhase section */
		48E29819247A37F900B6A520 /* Frameworks */ = {
			isa = PBXFrameworksBuildPhase;
			buildActionMask = 2147483647;
			files = (
				B7F7BDF8F0CE18354CCBF687 /* Pods_QuizMeUp.framework in Frameworks */,
			);
			runOnlyForDeploymentPostprocessing = 0;
		};
		48E2982F247A37FC00B6A520 /* Frameworks */ = {
			isa = PBXFrameworksBuildPhase;
			buildActionMask = 2147483647;
			files = (
			);
			runOnlyForDeploymentPostprocessing = 0;
		};
		48E2983A247A37FC00B6A520 /* Frameworks */ = {
			isa = PBXFrameworksBuildPhase;
			buildActionMask = 2147483647;
			files = (
			);
			runOnlyForDeploymentPostprocessing = 0;
		};
/* End PBXFrameworksBuildPhase section */

/* Begin PBXGroup section */
		31E3FE9C26C4EB97008DAD43 /* Network */ = {
			isa = PBXGroup;
			children = (
				31E3FE9D26C4EBA9008DAD43 /* BaseService.swift */,
			);
			path = Network;
			sourceTree = "<group>";
		};
		31E3FEE826C4F2E6008DAD43 /* MainController */ = {
			isa = PBXGroup;
			children = (
				31E3FEE926C4F2E6008DAD43 /* ViewModel */,
				31E3FEEA26C4F2E6008DAD43 /* ReusableCell */,
				31E3FEEB26C4F2E6008DAD43 /* Coordinator */,
				31E3FEEC26C4F2E6008DAD43 /* Model */,
				B7483A752CB3FC5A001228CB /* Main.storyboard */,
				B7483A772CB3FC5A001228CB /* MainController.swift */,
				B7483A7F2CB3FED8001228CB /* MainViewModel.swift */,
				B7483A7D2CB3FED8001228CB /* MainViewModelProtocol.swift */,
			);
			path = MainController;
			sourceTree = "<group>";
		};
		31E3FEE926C4F2E6008DAD43 /* ViewModel */ = {
			isa = PBXGroup;
			children = (
			);
			path = ViewModel;
			sourceTree = "<group>";
		};
		31E3FEEA26C4F2E6008DAD43 /* ReusableCell */ = {
			isa = PBXGroup;
			children = (
			);
			path = ReusableCell;
			sourceTree = "<group>";
		};
		31E3FEEB26C4F2E6008DAD43 /* Coordinator */ = {
			isa = PBXGroup;
			children = (
				31E3FEED26C4F302008DAD43 /* MainControllerCoordinator.swift */,
				B7483AA82CB4E24F001228CB /* RecapNavCoordinator.swift */,
				B7483AAA2CB4E261001228CB /* MultipleChoiceNavCoordinator.swift */,
			);
			path = Coordinator;
			sourceTree = "<group>";
		};
		31E3FEEC26C4F2E6008DAD43 /* Model */ = {
			isa = PBXGroup;
			children = (
				B7483A852CB3FFE7001228CB /* Welcome.swift */,
				B7483A882CB40028001228CB /* Activity.swift */,
				B7483A8A2CB4005B001228CB /* Screen.swift */,
				B7483A8C2CB40090001228CB /* Choice.swift */,
				B7483A8E2CB400C2001228CB /* Answer.swift */,
			);
			path = Model;
			sourceTree = "<group>";
		};
		31E3FF2826C4FF6E008DAD43 /* HelperClasses */ = {
			isa = PBXGroup;
			children = (
				31E3FF2926C4FF7D008DAD43 /* ProgesssHud.swift */,
			);
			path = HelperClasses;
			sourceTree = "<group>";
		};
		48E29813247A37F900B6A520 = {
			isa = PBXGroup;
			children = (
				48E2981E247A37F900B6A520 /* QuizMeUp */,
				48E29835247A37FC00B6A520 /* QuizMeUpTests */,
				48E29840247A37FC00B6A520 /* QuizMeUpUITests */,
				48E2981D247A37F900B6A520 /* Products */,
				BDA85CC4FE816C8AD9B5FDCE /* Pods */,
				CDCE6DEEE9CFACFE3B4D1821 /* Frameworks */,
			);
			sourceTree = "<group>";
		};
		48E2981D247A37F900B6A520 /* Products */ = {
			isa = PBXGroup;
			children = (
				48E2981C247A37F900B6A520 /* QuizMeUp.app */,
				48E29832247A37FC00B6A520 /* QuizMeUpTests.xctest */,
				48E2983D247A37FC00B6A520 /* QuizMeUpUITests.xctest */,
			);
			name = Products;
			sourceTree = "<group>";
		};
		48E2981E247A37F900B6A520 /* QuizMeUp */ = {
			isa = PBXGroup;
			children = (
				31E3FE9C26C4EB97008DAD43 /* Network */,
				48FD44C924839C7A004975D4 /* Resources */,
				48FD44C424839C0E004975D4 /* Extensions */,
				48FD44B724839C0E004975D4 /* Controllers */,
				48FD44BC24839C0E004975D4 /* Helpers */,
				48FD44BF24839C0E004975D4 /* Module */,
				48FD44C324839C0E004975D4 /* Utility */,
				48E2982D247A37FC00B6A520 /* Info.plist */,
			);
			path = QuizMeUp;
			sourceTree = "<group>";
		};
		48E29835247A37FC00B6A520 /* QuizMeUpTests */ = {
			isa = PBXGroup;
			children = (
				48E29836247A37FC00B6A520 /* QuizMeUpTests.swift */,
				48E29838247A37FC00B6A520 /* Info.plist */,
			);
			path = QuizMeUpTests;
			sourceTree = "<group>";
		};
		48E29840247A37FC00B6A520 /* QuizMeUpUITests */ = {
			isa = PBXGroup;
			children = (
				48E29841247A37FC00B6A520 /* QuizMeUpUITests.swift */,
				48E29843247A37FC00B6A520 /* Info.plist */,
			);
			path = QuizMeUpUITests;
			sourceTree = "<group>";
		};
		48FD44B724839C0E004975D4 /* Controllers */ = {
			isa = PBXGroup;
			children = (
				B7483A9F2CB4DBCB001228CB /* MultipleChoiceController */,
				B7483A6A2CB3F672001228CB /* RecapController */,
				31E3FEE826C4F2E6008DAD43 /* MainController */,
			);
			path = Controllers;
			sourceTree = "<group>";
		};
		48FD44BC24839C0E004975D4 /* Helpers */ = {
			isa = PBXGroup;
			children = (
				B7483AB32CB4F9C4001228CB /* StepProgressView */,
				B779C7F0271FE6E700AFFE10 /* Designables */,
				31E3FF2826C4FF6E008DAD43 /* HelperClasses */,
				48FD44BD24839C0E004975D4 /* R-Swift */,
			);
			path = Helpers;
			sourceTree = "<group>";
		};
		48FD44BD24839C0E004975D4 /* R-Swift */ = {
			isa = PBXGroup;
			children = (
				B7483AB62CB50327001228CB /* R.generated.swift */,
			);
			path = "R-Swift";
			sourceTree = "<group>";
		};
		48FD44BF24839C0E004975D4 /* Module */ = {
			isa = PBXGroup;
			children = (
				48FD44C024839C0E004975D4 /* ViewController.swift */,
				48FD44C124839C0E004975D4 /* AppDelegate.swift */,
				48FD44C224839C0E004975D4 /* SceneDelegate.swift */,
				31E3FEE326C4F0E5008DAD43 /* AppCoordinator.swift */,
			);
			path = Module;
			sourceTree = "<group>";
		};
		48FD44C324839C0E004975D4 /* Utility */ = {
			isa = PBXGroup;
			children = (
				31E3FEF726C4F5C2008DAD43 /* Alias.swift */,
				31E3FEFC26C4F678008DAD43 /* Enums.swift */,
				B7483AB82CB51B97001228CB /* TriggerableProtocol.swift */,
			);
			path = Utility;
			sourceTree = "<group>";
		};
		48FD44C424839C0E004975D4 /* Extensions */ = {
			isa = PBXGroup;
			children = (
				31E3FF0126C4F844008DAD43 /* SwiftyUserDefaults+Extension.swift */,
				31E3FF0826C4FA4A008DAD43 /* ISO8601+DateFormatter.swift */,
				31E3FF1326C4FB66008DAD43 /* JSONDecoder+Extension.swift */,
				31E3FF1826C4FE2D008DAD43 /* NSError+Extension.swift */,
				31E3FF3E26C50018008DAD43 /* FloatClean+Extension.swift */,
			);
			path = Extensions;
			sourceTree = "<group>";
		};
		48FD44C924839C7A004975D4 /* Resources */ = {
			isa = PBXGroup;
			children = (
				B7483A902CB40118001228CB /* Json */,
				48FD44CA24839C7A004975D4 /* Assets.xcassets */,
				48FD44D424839CFA004975D4 /* Color.xcassets */,
				48FD44CB24839C7A004975D4 /* LaunchScreen.storyboard */,
			);
			path = Resources;
			sourceTree = "<group>";
		};
		B7483A6A2CB3F672001228CB /* RecapController */ = {
			isa = PBXGroup;
			children = (
				B7483A6B2CB3F68C001228CB /* Recap.storyboard */,
				B7483A6D2CB3F68C001228CB /* RecapController.swift */,
				B7483A6E2CB3F68C001228CB /* RecapViewModel.swift */,
				B7483A6C2CB3F68C001228CB /* RecapViewModelProtocol.swift */,
			);
			path = RecapController;
			sourceTree = "<group>";
		};
		B7483A902CB40118001228CB /* Json */ = {
			isa = PBXGroup;
			children = (
				B7483A982CB4253B001228CB /* Quiz.json */,
			);
			path = Json;
			sourceTree = "<group>";
		};
		B7483A9F2CB4DBCB001228CB /* MultipleChoiceController */ = {
			isa = PBXGroup;
			children = (
				B7483AA02CB4DC58001228CB /* MultipleChoice.storyboard */,
				B7483AA22CB4DC58001228CB /* MultipleChoiceController.swift */,
				B7483AA32CB4DC58001228CB /* MultipleChoiceViewModel.swift */,
				B7483AA12CB4DC58001228CB /* MultipleChoiceViewModelProtocol.swift */,
			);
			path = MultipleChoiceController;
			sourceTree = "<group>";
		};
		B7483AB32CB4F9C4001228CB /* StepProgressView */ = {
			isa = PBXGroup;
			children = (
				B7483AB42CB4F9FE001228CB /* StepProgressView.swift */,
			);
			path = StepProgressView;
			sourceTree = "<group>";
		};
		B779C7F0271FE6E700AFFE10 /* Designables */ = {
			isa = PBXGroup;
			children = (
				B779C7F1271FE6F800AFFE10 /* View+Design.swift */,
			);
			path = Designables;
			sourceTree = "<group>";
		};
		BDA85CC4FE816C8AD9B5FDCE /* Pods */ = {
			isa = PBXGroup;
			children = (
				14BF60F8CC1561DD64184B19 /* Pods-QuizMeUp.debug.xcconfig */,
				4AA1EF9E020742109F698F88 /* Pods-QuizMeUp.release.xcconfig */,
			);
			path = Pods;
			sourceTree = "<group>";
		};
		CDCE6DEEE9CFACFE3B4D1821 /* Frameworks */ = {
			isa = PBXGroup;
			children = (
				9785DED81433C75186560A01 /* Pods_QuizMeUp.framework */,
			);
			name = Frameworks;
			sourceTree = "<group>";
		};
/* End PBXGroup section */

/* Begin PBXNativeTarget section */
		48E2981B247A37F900B6A520 /* QuizMeUp */ = {
			isa = PBXNativeTarget;
			buildConfigurationList = 48E29846247A37FC00B6A520 /* Build configuration list for PBXNativeTarget "QuizMeUp" */;
			buildPhases = (
				2FE15FAA17069200B88C1743 /* [CP] Check Pods Manifest.lock */,
				48FD44B0248399A3004975D4 /* R.swift */,
				48FD44AF2483955B004975D4 /* SwiftLint */,
				48E29818247A37F900B6A520 /* Sources */,
				48E29819247A37F900B6A520 /* Frameworks */,
				48E2981A247A37F900B6A520 /* Resources */,
				BEC6F5E63C5EACBE9BEE3B09 /* [CP] Embed Pods Frameworks */,
			);
			buildRules = (
			);
			dependencies = (
			);
			name = QuizMeUp;
			productName = QuizMeUp;
			productReference = 48E2981C247A37F900B6A520 /* QuizMeUp.app */;
			productType = "com.apple.product-type.application";
		};
		48E29831247A37FC00B6A520 /* QuizMeUpTests */ = {
			isa = PBXNativeTarget;
			buildConfigurationList = 48E29849247A37FC00B6A520 /* Build configuration list for PBXNativeTarget "QuizMeUpTests" */;
			buildPhases = (
				48E2982E247A37FC00B6A520 /* Sources */,
				48E2982F247A37FC00B6A520 /* Frameworks */,
				48E29830247A37FC00B6A520 /* Resources */,
			);
			buildRules = (
			);
			dependencies = (
				48E29834247A37FC00B6A520 /* PBXTargetDependency */,
			);
			name = QuizMeUpTests;
			productName = QuizMeUpTests;
			productReference = 48E29832247A37FC00B6A520 /* QuizMeUpTests.xctest */;
			productType = "com.apple.product-type.bundle.unit-test";
		};
		48E2983C247A37FC00B6A520 /* QuizMeUpUITests */ = {
			isa = PBXNativeTarget;
			buildConfigurationList = 48E2984C247A37FC00B6A520 /* Build configuration list for PBXNativeTarget "QuizMeUpUITests" */;
			buildPhases = (
				48E29839247A37FC00B6A520 /* Sources */,
				48E2983A247A37FC00B6A520 /* Frameworks */,
				48E2983B247A37FC00B6A520 /* Resources */,
			);
			buildRules = (
			);
			dependencies = (
				48E2983F247A37FC00B6A520 /* PBXTargetDependency */,
			);
			name = QuizMeUpUITests;
			productName = QuizMeUpUITests;
			productReference = 48E2983D247A37FC00B6A520 /* QuizMeUpUITests.xctest */;
			productType = "com.apple.product-type.bundle.ui-testing";
		};
/* End PBXNativeTarget section */

/* Begin PBXProject section */
		48E29814247A37F900B6A520 /* Project object */ = {
			isa = PBXProject;
			attributes = {
				BuildIndependentTargetsInParallel = YES;
				LastSwiftUpdateCheck = 1130;
				LastUpgradeCheck = 1540;
				ORGANIZATIONNAME = "Louise Nicolas Namoc";
				TargetAttributes = {
					48E2981B247A37F900B6A520 = {
						CreatedOnToolsVersion = 11.3.1;
					};
					48E29831247A37FC00B6A520 = {
						CreatedOnToolsVersion = 11.3.1;
						TestTargetID = 48E2981B247A37F900B6A520;
					};
					48E2983C247A37FC00B6A520 = {
						CreatedOnToolsVersion = 11.3.1;
						TestTargetID = 48E2981B247A37F900B6A520;
					};
				};
			};
			buildConfigurationList = 48E29817247A37F900B6A520 /* Build configuration list for PBXProject "QuizMeUp" */;
			compatibilityVersion = "Xcode 9.3";
			developmentRegion = en;
			hasScannedForEncodings = 0;
			knownRegions = (
				en,
				Base,
			);
			mainGroup = 48E29813247A37F900B6A520;
			productRefGroup = 48E2981D247A37F900B6A520 /* Products */;
			projectDirPath = "";
			projectRoot = "";
			targets = (
				48E2981B247A37F900B6A520 /* QuizMeUp */,
				48E29831247A37FC00B6A520 /* QuizMeUpTests */,
				48E2983C247A37FC00B6A520 /* QuizMeUpUITests */,
			);
		};
/* End PBXProject section */

/* Begin PBXResourcesBuildPhase section */
		48E2981A247A37F900B6A520 /* Resources */ = {
			isa = PBXResourcesBuildPhase;
			buildActionMask = 2147483647;
			files = (
				B7483A722CB3F68C001228CB /* Recap.storyboard in Resources */,
				B7483A7C2CB3FC5A001228CB /* Main.storyboard in Resources */,
				48FD44D524839CFA004975D4 /* Color.xcassets in Resources */,
				B7483AA72CB4DC58001228CB /* MultipleChoice.storyboard in Resources */,
				48FD44CF24839C7A004975D4 /* Assets.xcassets in Resources */,
				B7483A992CB4253B001228CB /* Quiz.json in Resources */,
				48FD44D024839C7A004975D4 /* LaunchScreen.storyboard in Resources */,
			);
			runOnlyForDeploymentPostprocessing = 0;
		};
		48E29830247A37FC00B6A520 /* Resources */ = {
			isa = PBXResourcesBuildPhase;
			buildActionMask = 2147483647;
			files = (
			);
			runOnlyForDeploymentPostprocessing = 0;
		};
		48E2983B247A37FC00B6A520 /* Resources */ = {
			isa = PBXResourcesBuildPhase;
			buildActionMask = 2147483647;
			files = (
			);
			runOnlyForDeploymentPostprocessing = 0;
		};
/* End PBXResourcesBuildPhase section */

/* Begin PBXShellScriptBuildPhase section */
		2FE15FAA17069200B88C1743 /* [CP] Check Pods Manifest.lock */ = {
			isa = PBXShellScriptBuildPhase;
			buildActionMask = 2147483647;
			files = (
			);
			inputFileListPaths = (
			);
			inputPaths = (
				"${PODS_PODFILE_DIR_PATH}/Podfile.lock",
				"${PODS_ROOT}/Manifest.lock",
			);
			name = "[CP] Check Pods Manifest.lock";
			outputFileListPaths = (
			);
			outputPaths = (
				"$(DERIVED_FILE_DIR)/Pods-QuizMeUp-checkManifestLockResult.txt",
			);
			runOnlyForDeploymentPostprocessing = 0;
			shellPath = /bin/sh;
			shellScript = "diff \"${PODS_PODFILE_DIR_PATH}/Podfile.lock\" \"${PODS_ROOT}/Manifest.lock\" > /dev/null\nif [ $? != 0 ] ; then\n    # print error to STDERR\n    echo \"error: The sandbox is not in sync with the Podfile.lock. Run 'pod install' or update your CocoaPods installation.\" >&2\n    exit 1\nfi\n# This output is used by Xcode 'outputs' to avoid re-running this script phase.\necho \"SUCCESS\" > \"${SCRIPT_OUTPUT_FILE_0}\"\n";
			showEnvVarsInLog = 0;
		};
		48FD44AF2483955B004975D4 /* SwiftLint */ = {
			isa = PBXShellScriptBuildPhase;
			buildActionMask = 2147483647;
			files = (
			);
			inputFileListPaths = (
			);
			inputPaths = (
			);
			name = SwiftLint;
			outputFileListPaths = (
			);
			outputPaths = (
			);
			runOnlyForDeploymentPostprocessing = 0;
			shellPath = /bin/sh;
			shellScript = "\"${PODS_ROOT}/SwiftLint/swiftlint\"\n";
		};
		48FD44B0248399A3004975D4 /* R.swift */ = {
			isa = PBXShellScriptBuildPhase;
			buildActionMask = 2147483647;
			files = (
			);
			inputFileListPaths = (
			);
			inputPaths = (
				"$TEMP_DIR/rswift-lastrun",
			);
			name = R.swift;
			outputFileListPaths = (
				"",
			);
			outputPaths = (
				"$SRCROOT/QuizMeUp/Helpers/R-Swift/R.generated.swift",
			);
			runOnlyForDeploymentPostprocessing = 0;
			shellPath = /bin/sh;
			shellScript = "\"$PODS_ROOT/R.swift/rswift\" generate \"$SRCROOT/QuizMeUp/Helpers/R-Swift/R.generated.swift\"\n";
		};
		BEC6F5E63C5EACBE9BEE3B09 /* [CP] Embed Pods Frameworks */ = {
			isa = PBXShellScriptBuildPhase;
			buildActionMask = 2147483647;
			files = (
			);
			inputFileListPaths = (
				"${PODS_ROOT}/Target Support Files/Pods-QuizMeUp/Pods-QuizMeUp-frameworks-${CONFIGURATION}-input-files.xcfilelist",
			);
			name = "[CP] Embed Pods Frameworks";
			outputFileListPaths = (
				"${PODS_ROOT}/Target Support Files/Pods-QuizMeUp/Pods-QuizMeUp-frameworks-${CONFIGURATION}-output-files.xcfilelist",
			);
			runOnlyForDeploymentPostprocessing = 0;
			shellPath = /bin/sh;
			shellScript = "\"${PODS_ROOT}/Target Support Files/Pods-QuizMeUp/Pods-QuizMeUp-frameworks.sh\"\n";
			showEnvVarsInLog = 0;
		};
/* End PBXShellScriptBuildPhase section */

/* Begin PBXSourcesBuildPhase section */
		48E29818247A37F900B6A520 /* Sources */ = {
			isa = PBXSourcesBuildPhase;
			buildActionMask = 2147483647;
			files = (
				B7483AB92CB51B97001228CB /* TriggerableProtocol.swift in Sources */,
				31E3FEE426C4F0E5008DAD43 /* AppCoordinator.swift in Sources */,
				31E3FF2A26C4FF7D008DAD43 /* ProgesssHud.swift in Sources */,
				B7483A862CB3FFE7001228CB /* Welcome.swift in Sources */,
				B7483A8F2CB400C2001228CB /* Answer.swift in Sources */,
				31E3FF0926C4FA4A008DAD43 /* ISO8601+DateFormatter.swift in Sources */,
				31E3FF0226C4F844008DAD43 /* SwiftyUserDefaults+Extension.swift in Sources */,
				B779C7F2271FE6F800AFFE10 /* View+Design.swift in Sources */,
				B7483A8D2CB40090001228CB /* Choice.swift in Sources */,
				B7483AA42CB4DC58001228CB /* MultipleChoiceViewModelProtocol.swift in Sources */,
				B7483AA52CB4DC58001228CB /* MultipleChoiceController.swift in Sources */,
				B7483AA62CB4DC58001228CB /* MultipleChoiceViewModel.swift in Sources */,
				B7483A892CB40029001228CB /* Activity.swift in Sources */,
				B7483AA92CB4E24F001228CB /* RecapNavCoordinator.swift in Sources */,
				B7483A6F2CB3F68C001228CB /* RecapViewModelProtocol.swift in Sources */,
				B7483A702CB3F68C001228CB /* RecapController.swift in Sources */,
				B7483A712CB3F68C001228CB /* RecapViewModel.swift in Sources */,
				B7483A7A2CB3FC5A001228CB /* MainController.swift in Sources */,
				48FD44C824839C0E004975D4 /* SceneDelegate.swift in Sources */,
				31E3FEFD26C4F678008DAD43 /* Enums.swift in Sources */,
				31E3FF3F26C50018008DAD43 /* FloatClean+Extension.swift in Sources */,
				B7483AB72CB50327001228CB /* R.generated.swift in Sources */,
				48FD44C724839C0E004975D4 /* AppDelegate.swift in Sources */,
				B7483AAB2CB4E261001228CB /* MultipleChoiceNavCoordinator.swift in Sources */,
				48FD44C624839C0E004975D4 /* ViewController.swift in Sources */,
				31E3FE9E26C4EBA9008DAD43 /* BaseService.swift in Sources */,
				31E3FEEE26C4F302008DAD43 /* MainControllerCoordinator.swift in Sources */,
				B7483A802CB3FED8001228CB /* MainViewModelProtocol.swift in Sources */,
				B7483AB52CB4F9FE001228CB /* StepProgressView.swift in Sources */,
				B7483A8B2CB4005B001228CB /* Screen.swift in Sources */,
				B7483A822CB3FED8001228CB /* MainViewModel.swift in Sources */,
				31E3FF1426C4FB66008DAD43 /* JSONDecoder+Extension.swift in Sources */,
				31E3FF1926C4FE2D008DAD43 /* NSError+Extension.swift in Sources */,
				31E3FEF826C4F5C2008DAD43 /* Alias.swift in Sources */,
			);
			runOnlyForDeploymentPostprocessing = 0;
		};
		48E2982E247A37FC00B6A520 /* Sources */ = {
			isa = PBXSourcesBuildPhase;
			buildActionMask = 2147483647;
			files = (
				48E29837247A37FC00B6A520 /* QuizMeUpTests.swift in Sources */,
			);
			runOnlyForDeploymentPostprocessing = 0;
		};
		48E29839247A37FC00B6A520 /* Sources */ = {
			isa = PBXSourcesBuildPhase;
			buildActionMask = 2147483647;
			files = (
				48E29842247A37FC00B6A520 /* QuizMeUpUITests.swift in Sources */,
			);
			runOnlyForDeploymentPostprocessing = 0;
		};
/* End PBXSourcesBuildPhase section */

/* Begin PBXTargetDependency section */
		48E29834247A37FC00B6A520 /* PBXTargetDependency */ = {
			isa = PBXTargetDependency;
			target = 48E2981B247A37F900B6A520 /* QuizMeUp */;
			targetProxy = 48E29833247A37FC00B6A520 /* PBXContainerItemProxy */;
		};
		48E2983F247A37FC00B6A520 /* PBXTargetDependency */ = {
			isa = PBXTargetDependency;
			target = 48E2981B247A37F900B6A520 /* QuizMeUp */;
			targetProxy = 48E2983E247A37FC00B6A520 /* PBXContainerItemProxy */;
		};
/* End PBXTargetDependency section */

/* Begin PBXVariantGroup section */
		48FD44CB24839C7A004975D4 /* LaunchScreen.storyboard */ = {
			isa = PBXVariantGroup;
			children = (
				48FD44CC24839C7A004975D4 /* Base */,
			);
			name = LaunchScreen.storyboard;
			sourceTree = "<group>";
		};
/* End PBXVariantGroup section */

/* Begin XCBuildConfiguration section */
		48E29844247A37FC00B6A520 /* Debug */ = {
			isa = XCBuildConfiguration;
			buildSettings = {
				ALWAYS_SEARCH_USER_PATHS = NO;
				CLANG_ANALYZER_NONNULL = YES;
				CLANG_ANALYZER_NUMBER_OBJECT_CONVERSION = YES_AGGRESSIVE;
				CLANG_CXX_LANGUAGE_STANDARD = "gnu++14";
				CLANG_CXX_LIBRARY = "libc++";
				CLANG_ENABLE_MODULES = YES;
				CLANG_ENABLE_OBJC_ARC = YES;
				CLANG_ENABLE_OBJC_WEAK = YES;
				CLANG_WARN_BLOCK_CAPTURE_AUTORELEASING = YES;
				CLANG_WARN_BOOL_CONVERSION = YES;
				CLANG_WARN_COMMA = YES;
				CLANG_WARN_CONSTANT_CONVERSION = YES;
				CLANG_WARN_DEPRECATED_OBJC_IMPLEMENTATIONS = YES;
				CLANG_WARN_DIRECT_OBJC_ISA_USAGE = YES_ERROR;
				CLANG_WARN_DOCUMENTATION_COMMENTS = YES;
				CLANG_WARN_EMPTY_BODY = YES;
				CLANG_WARN_ENUM_CONVERSION = YES;
				CLANG_WARN_INFINITE_RECURSION = YES;
				CLANG_WARN_INT_CONVERSION = YES;
				CLANG_WARN_NON_LITERAL_NULL_CONVERSION = YES;
				CLANG_WARN_OBJC_IMPLICIT_RETAIN_SELF = YES;
				CLANG_WARN_OBJC_LITERAL_CONVERSION = YES;
				CLANG_WARN_OBJC_ROOT_CLASS = YES_ERROR;
				CLANG_WARN_QUOTED_INCLUDE_IN_FRAMEWORK_HEADER = YES;
				CLANG_WARN_RANGE_LOOP_ANALYSIS = YES;
				CLANG_WARN_STRICT_PROTOTYPES = YES;
				CLANG_WARN_SUSPICIOUS_MOVE = YES;
				CLANG_WARN_UNGUARDED_AVAILABILITY = YES_AGGRESSIVE;
				CLANG_WARN_UNREACHABLE_CODE = YES;
				CLANG_WARN__DUPLICATE_METHOD_MATCH = YES;
				COPY_PHASE_STRIP = NO;
				DEBUG_INFORMATION_FORMAT = dwarf;
				ENABLE_STRICT_OBJC_MSGSEND = YES;
				ENABLE_TESTABILITY = YES;
				ENABLE_USER_SCRIPT_SANDBOXING = NO;
				GCC_C_LANGUAGE_STANDARD = gnu11;
				GCC_DYNAMIC_NO_PIC = NO;
				GCC_NO_COMMON_BLOCKS = YES;
				GCC_OPTIMIZATION_LEVEL = 0;
				GCC_PREPROCESSOR_DEFINITIONS = (
					"DEBUG=1",
					"$(inherited)",
				);
				GCC_WARN_64_TO_32_BIT_CONVERSION = YES;
				GCC_WARN_ABOUT_RETURN_TYPE = YES_ERROR;
				GCC_WARN_UNDECLARED_SELECTOR = YES;
				GCC_WARN_UNINITIALIZED_AUTOS = YES_AGGRESSIVE;
				GCC_WARN_UNUSED_FUNCTION = YES;
				GCC_WARN_UNUSED_VARIABLE = YES;
				IPHONEOS_DEPLOYMENT_TARGET = 12.0;
				MTL_ENABLE_DEBUG_INFO = INCLUDE_SOURCE;
				MTL_FAST_MATH = YES;
				ONLY_ACTIVE_ARCH = YES;
				SDKROOT = iphoneos;
				SWIFT_ACTIVE_COMPILATION_CONDITIONS = DEBUG;
				SWIFT_OPTIMIZATION_LEVEL = "-Onone";
			};
			name = Debug;
		};
		48E29845247A37FC00B6A520 /* Release */ = {
			isa = XCBuildConfiguration;
			buildSettings = {
				ALWAYS_SEARCH_USER_PATHS = NO;
				CLANG_ANALYZER_NONNULL = YES;
				CLANG_ANALYZER_NUMBER_OBJECT_CONVERSION = YES_AGGRESSIVE;
				CLANG_CXX_LANGUAGE_STANDARD = "gnu++14";
				CLANG_CXX_LIBRARY = "libc++";
				CLANG_ENABLE_MODULES = YES;
				CLANG_ENABLE_OBJC_ARC = YES;
				CLANG_ENABLE_OBJC_WEAK = YES;
				CLANG_WARN_BLOCK_CAPTURE_AUTORELEASING = YES;
				CLANG_WARN_BOOL_CONVERSION = YES;
				CLANG_WARN_COMMA = YES;
				CLANG_WARN_CONSTANT_CONVERSION = YES;
				CLANG_WARN_DEPRECATED_OBJC_IMPLEMENTATIONS = YES;
				CLANG_WARN_DIRECT_OBJC_ISA_USAGE = YES_ERROR;
				CLANG_WARN_DOCUMENTATION_COMMENTS = YES;
				CLANG_WARN_EMPTY_BODY = YES;
				CLANG_WARN_ENUM_CONVERSION = YES;
				CLANG_WARN_INFINITE_RECURSION = YES;
				CLANG_WARN_INT_CONVERSION = YES;
				CLANG_WARN_NON_LITERAL_NULL_CONVERSION = YES;
				CLANG_WARN_OBJC_IMPLICIT_RETAIN_SELF = YES;
				CLANG_WARN_OBJC_LITERAL_CONVERSION = YES;
				CLANG_WARN_OBJC_ROOT_CLASS = YES_ERROR;
				CLANG_WARN_QUOTED_INCLUDE_IN_FRAMEWORK_HEADER = YES;
				CLANG_WARN_RANGE_LOOP_ANALYSIS = YES;
				CLANG_WARN_STRICT_PROTOTYPES = YES;
				CLANG_WARN_SUSPICIOUS_MOVE = YES;
				CLANG_WARN_UNGUARDED_AVAILABILITY = YES_AGGRESSIVE;
				CLANG_WARN_UNREACHABLE_CODE = YES;
				CLANG_WARN__DUPLICATE_METHOD_MATCH = YES;
				COPY_PHASE_STRIP = NO;
				DEBUG_INFORMATION_FORMAT = "dwarf-with-dsym";
				ENABLE_NS_ASSERTIONS = NO;
				ENABLE_STRICT_OBJC_MSGSEND = YES;
				ENABLE_USER_SCRIPT_SANDBOXING = NO;
				GCC_C_LANGUAGE_STANDARD = gnu11;
				GCC_NO_COMMON_BLOCKS = YES;
				GCC_WARN_64_TO_32_BIT_CONVERSION = YES;
				GCC_WARN_ABOUT_RETURN_TYPE = YES_ERROR;
				GCC_WARN_UNDECLARED_SELECTOR = YES;
				GCC_WARN_UNINITIALIZED_AUTOS = YES_AGGRESSIVE;
				GCC_WARN_UNUSED_FUNCTION = YES;
				GCC_WARN_UNUSED_VARIABLE = YES;
				IPHONEOS_DEPLOYMENT_TARGET = 12.0;
				MTL_ENABLE_DEBUG_INFO = NO;
				MTL_FAST_MATH = YES;
				SDKROOT = iphoneos;
				SWIFT_COMPILATION_MODE = wholemodule;
				SWIFT_OPTIMIZATION_LEVEL = "-O";
				VALIDATE_PRODUCT = YES;
			};
			name = Release;
		};
		48E29847247A37FC00B6A520 /* Debug */ = {
			isa = XCBuildConfiguration;
			baseConfigurationReference = 14BF60F8CC1561DD64184B19 /* Pods-QuizMeUp.debug.xcconfig */;
			buildSettings = {
				ASSETCATALOG_COMPILER_APPICON_NAME = AppIcon;
				CODE_SIGN_STYLE = Automatic;
				INFOPLIST_FILE = QuizMeUp/Info.plist;
				IPHONEOS_DEPLOYMENT_TARGET = 13.0;
				LD_RUNPATH_SEARCH_PATHS = (
					"$(inherited)",
					"@executable_path/Frameworks",
				);
				PRODUCT_BUNDLE_IDENTIFIER = com.company;
				PRODUCT_NAME = "$(TARGET_NAME)";
				SWIFT_VERSION = 5.0;
				TARGETED_DEVICE_FAMILY = "1,2";
			};
			name = Debug;
		};
		48E29848247A37FC00B6A520 /* Release */ = {
			isa = XCBuildConfiguration;
			baseConfigurationReference = 4AA1EF9E020742109F698F88 /* Pods-QuizMeUp.release.xcconfig */;
			buildSettings = {
				ASSETCATALOG_COMPILER_APPICON_NAME = AppIcon;
				CODE_SIGN_STYLE = Automatic;
				INFOPLIST_FILE = QuizMeUp/Info.plist;
				IPHONEOS_DEPLOYMENT_TARGET = 13.0;
				LD_RUNPATH_SEARCH_PATHS = (
					"$(inherited)",
					"@executable_path/Frameworks",
				);
				PRODUCT_BUNDLE_IDENTIFIER = com.company;
				PRODUCT_NAME = "$(TARGET_NAME)";
				SWIFT_VERSION = 5.0;
				TARGETED_DEVICE_FAMILY = "1,2";
			};
			name = Release;
		};
		48E2984A247A37FC00B6A520 /* Debug */ = {
			isa = XCBuildConfiguration;
			buildSettings = {
				ALWAYS_EMBED_SWIFT_STANDARD_LIBRARIES = YES;
				BUNDLE_LOADER = "$(TEST_HOST)";
				CODE_SIGN_STYLE = Automatic;
				INFOPLIST_FILE = QuizMeUpTests/Info.plist;
				IPHONEOS_DEPLOYMENT_TARGET = 13.2;
				LD_RUNPATH_SEARCH_PATHS = (
					"$(inherited)",
					"@executable_path/Frameworks",
					"@loader_path/Frameworks",
				);
				PRODUCT_BUNDLE_IDENTIFIER = com.appetiser.QuizMeUpTests;
				PRODUCT_NAME = "$(TARGET_NAME)";
				SWIFT_VERSION = 5.0;
				TARGETED_DEVICE_FAMILY = "1,2";
				TEST_HOST = "$(BUILT_PRODUCTS_DIR)/QuizMeUp.app/QuizMeUp";
			};
			name = Debug;
		};
		48E2984B247A37FC00B6A520 /* Release */ = {
			isa = XCBuildConfiguration;
			buildSettings = {
				ALWAYS_EMBED_SWIFT_STANDARD_LIBRARIES = YES;
				BUNDLE_LOADER = "$(TEST_HOST)";
				CODE_SIGN_STYLE = Automatic;
				INFOPLIST_FILE = QuizMeUpTests/Info.plist;
				IPHONEOS_DEPLOYMENT_TARGET = 13.2;
				LD_RUNPATH_SEARCH_PATHS = (
					"$(inherited)",
					"@executable_path/Frameworks",
					"@loader_path/Frameworks",
				);
				PRODUCT_BUNDLE_IDENTIFIER = com.appetiser.QuizMeUpTests;
				PRODUCT_NAME = "$(TARGET_NAME)";
				SWIFT_VERSION = 5.0;
				TARGETED_DEVICE_FAMILY = "1,2";
				TEST_HOST = "$(BUILT_PRODUCTS_DIR)/QuizMeUp.app/QuizMeUp";
			};
			name = Release;
		};
		48E2984D247A37FC00B6A520 /* Debug */ = {
			isa = XCBuildConfiguration;
			buildSettings = {
				ALWAYS_EMBED_SWIFT_STANDARD_LIBRARIES = YES;
				CODE_SIGN_STYLE = Automatic;
				INFOPLIST_FILE = QuizMeUpUITests/Info.plist;
				LD_RUNPATH_SEARCH_PATHS = (
					"$(inherited)",
					"@executable_path/Frameworks",
					"@loader_path/Frameworks",
				);
				PRODUCT_BUNDLE_IDENTIFIER = com.appetiser.QuizMeUpUITests;
				PRODUCT_NAME = "$(TARGET_NAME)";
				SWIFT_VERSION = 5.0;
				TARGETED_DEVICE_FAMILY = "1,2";
				TEST_TARGET_NAME = QuizMeUp;
			};
			name = Debug;
		};
		48E2984E247A37FC00B6A520 /* Release */ = {
			isa = XCBuildConfiguration;
			buildSettings = {
				ALWAYS_EMBED_SWIFT_STANDARD_LIBRARIES = YES;
				CODE_SIGN_STYLE = Automatic;
				INFOPLIST_FILE = QuizMeUpUITests/Info.plist;
				LD_RUNPATH_SEARCH_PATHS = (
					"$(inherited)",
					"@executable_path/Frameworks",
					"@loader_path/Frameworks",
				);
				PRODUCT_BUNDLE_IDENTIFIER = com.appetiser.QuizMeUpUITests;
				PRODUCT_NAME = "$(TARGET_NAME)";
				SWIFT_VERSION = 5.0;
				TARGETED_DEVICE_FAMILY = "1,2";
				TEST_TARGET_NAME = QuizMeUp;
			};
			name = Release;
		};
/* End XCBuildConfiguration section */

/* Begin XCConfigurationList section */
		48E29817247A37F900B6A520 /* Build configuration list for PBXProject "QuizMeUp" */ = {
			isa = XCConfigurationList;
			buildConfigurations = (
				48E29844247A37FC00B6A520 /* Debug */,
				48E29845247A37FC00B6A520 /* Release */,
			);
			defaultConfigurationIsVisible = 0;
			defaultConfigurationName = Release;
		};
		48E29846247A37FC00B6A520 /* Build configuration list for PBXNativeTarget "QuizMeUp" */ = {
			isa = XCConfigurationList;
			buildConfigurations = (
				48E29847247A37FC00B6A520 /* Debug */,
				48E29848247A37FC00B6A520 /* Release */,
			);
			defaultConfigurationIsVisible = 0;
			defaultConfigurationName = Release;
		};
		48E29849247A37FC00B6A520 /* Build configuration list for PBXNativeTarget "QuizMeUpTests" */ = {
			isa = XCConfigurationList;
			buildConfigurations = (
				48E2984A247A37FC00B6A520 /* Debug */,
				48E2984B247A37FC00B6A520 /* Release */,
			);
			defaultConfigurationIsVisible = 0;
			defaultConfigurationName = Release;
		};
		48E2984C247A37FC00B6A520 /* Build configuration list for PBXNativeTarget "QuizMeUpUITests" */ = {
			isa = XCConfigurationList;
			buildConfigurations = (
				48E2984D247A37FC00B6A520 /* Debug */,
				48E2984E247A37FC00B6A520 /* Release */,
			);
			defaultConfigurationIsVisible = 0;
			defaultConfigurationName = Release;
		};
/* End XCConfigurationList section */
	};
	rootObject = 48E29814247A37F900B6A520 /* Project object */;
}
